
Microsoft Visual Studio Solution File, Format Version 12.00
# Visual Studio 15
VisualStudioVersion = 15.0.28307.1259
MinimumVisualStudioVersion = 10.0.40219.1
Project("{FAE04EC0-301F-11D3-BF4B-00C04F79EFBC}") = "Практическая 6", "Практическая 6\Практическая 6.csproj", "{AB3443A2-7F3B-495A-A336-FDA117B70563}"
EndProject
Global
	GlobalSection(SolutionConfigurationPlatforms) = preSolution
		Debug|Any CPU = Debug|Any CPU
		Release|Any CPU = Release|Any CPU
	EndGlobalSection
	GlobalSection(ProjectConfigurationPlatforms) = postSolution
		{AB3443A2-7F3B-495A-A336-FDA117B70563}.Debug|Any CPU.ActiveCfg = Debug|Any CPU
		{AB3443A2-7F3B-495A-A336-FDA117B70563}.Debug|Any CPU.Build.0 = Debug|Any CPU
		{AB3443A2-7F3B-495A-A336-FDA117B70563}.Release|Any CPU.ActiveCfg = Release|Any CPU
		{AB3443A2-7F3B-495A-A336-FDA117B70563}.Release|Any CPU.Build.0 = Release|Any CPU
	EndGlobalSection
	GlobalSection(SolutionProperties) = preSolution
		HideSolutionNode = FALSE
	EndGlobalSection
	GlobalSection(ExtensibilityGlobals) = postSolution
		SolutionGuid = {567E3149-A877-4797-B378-0711199DDA86}
	EndGlobalSection
EndGlobal
